
Microsoft Visual Studio Solution File, Format Version 12.00
# Visual Studio 15
VisualStudioVersion = 15.0.28307.1500
MinimumVisualStudioVersion = 10.0.40219.1
Project("{FAE04EC0-301F-11D3-BF4B-00C04F79EFBC}") = "LightsOut_Game", "LightsOut_Game\LightsOut_Game.csproj", "{ED489D28-C051-44B0-A525-334543B794A1}"
EndProject
Global
	GlobalSection(SolutionConfigurationPlatforms) = preSolution
		Debug|Any CPU = Debug|Any CPU
		Release|Any CPU = Release|Any CPU
	EndGlobalSection
	GlobalSection(ProjectConfigurationPlatforms) = postSolution
		{ED489D28-C051-44B0-A525-334543B794A1}.Debug|Any CPU.ActiveCfg = Debug|Any CPU
		{ED489D28-C051-44B0-A525-334543B794A1}.Debug|Any CPU.Build.0 = Debug|Any CPU
		{ED489D28-C051-44B0-A525-334543B794A1}.Release|Any CPU.ActiveCfg = Release|Any CPU
		{ED489D28-C051-44B0-A525-334543B794A1}.Release|Any CPU.Build.0 = Release|Any CPU
	EndGlobalSection
	GlobalSection(SolutionProperties) = preSolution
		HideSolutionNode = FALSE
	EndGlobalSection
	GlobalSection(ExtensibilityGlobals) = postSolution
		SolutionGuid = {5EF2B09E-D1C5-483F-83C1-7522DDF7B0C3}
	EndGlobalSection
EndGlobal
